
Microsoft Visual Studio Solution File, Format Version 12.00
# Visual Studio Version 17
VisualStudioVersion = 17.0.31903.59
MinimumVisualStudioVersion = 10.0.40219.1
Project("{2150E333-8FDC-42A3-9474-1A3956D46DE8}") = "src", "src", "{827E0CD3-B72D-47B6-A68D-7590B98EB39B}"
EndProject
Project("{FAE04EC0-301F-11D3-BF4B-00C04F79EFBC}") = "TdA-26-Random.Domain", "src\TdA-26-Random.Domain\TdA-26-Random.Domain.csproj", "{E37D1437-88E6-43E5-BE75-994F295D0E55}"
EndProject
Project("{FAE04EC0-301F-11D3-BF4B-00C04F79EFBC}") = "TdA-26-Random.Application", "src\TdA-26-Random.Application\TdA-26-Random.Application.csproj", "{F55D6288-EF4E-4300-B1FF-6103F68AD7C6}"
EndProject
Project("{FAE04EC0-301F-11D3-BF4B-00C04F79EFBC}") = "TdA-26-Random.Infrastructure", "src\TdA-26-Random.Infrastructure\TdA-26-Random.Infrastructure.csproj", "{D8D2FD00-12E3-4030-B28B-9B26C4CF6DCE}"
EndProject
Project("{FAE04EC0-301F-11D3-BF4B-00C04F79EFBC}") = "TdA-26-Random.WebApi", "src\TdA-26-Random.WebApi\TdA-26-Random.WebApi.csproj", "{BF7AA21C-2566-443E-9822-6416D24263A1}"
EndProject
Global
	GlobalSection(SolutionConfigurationPlatforms) = preSolution
		Debug|Any CPU = Debug|Any CPU
		Debug|x64 = Debug|x64
		Debug|x86 = Debug|x86
		Release|Any CPU = Release|Any CPU
		Release|x64 = Release|x64
		Release|x86 = Release|x86
	EndGlobalSection
	GlobalSection(ProjectConfigurationPlatforms) = postSolution
		{E37D1437-88E6-43E5-BE75-994F295D0E55}.Debug|Any CPU.ActiveCfg = Debug|Any CPU
		{E37D1437-88E6-43E5-BE75-994F295D0E55}.Debug|Any CPU.Build.0 = Debug|Any CPU
		{E37D1437-88E6-43E5-BE75-994F295D0E55}.Debug|x64.ActiveCfg = Debug|Any CPU
		{E37D1437-88E6-43E5-BE75-994F295D0E55}.Debug|x64.Build.0 = Debug|Any CPU
		{E37D1437-88E6-43E5-BE75-994F295D0E55}.Debug|x86.ActiveCfg = Debug|Any CPU
		{E37D1437-88E6-43E5-BE75-994F295D0E55}.Debug|x86.Build.0 = Debug|Any CPU
		{E37D1437-88E6-43E5-BE75-994F295D0E55}.Release|Any CPU.ActiveCfg = Release|Any CPU
		{E37D1437-88E6-43E5-BE75-994F295D0E55}.Release|Any CPU.Build.0 = Release|Any CPU
		{E37D1437-88E6-43E5-BE75-994F295D0E55}.Release|x64.ActiveCfg = Release|Any CPU
		{E37D1437-88E6-43E5-BE75-994F295D0E55}.Release|x64.Build.0 = Release|Any CPU
		{E37D1437-88E6-43E5-BE75-994F295D0E55}.Release|x86.ActiveCfg = Release|Any CPU
		{E37D1437-88E6-43E5-BE75-994F295D0E55}.Release|x86.Build.0 = Release|Any CPU
		{F55D6288-EF4E-4300-B1FF-6103F68AD7C6}.Debug|Any CPU.ActiveCfg = Debug|Any CPU
		{F55D6288-EF4E-4300-B1FF-6103F68AD7C6}.Debug|Any CPU.Build.0 = Debug|Any CPU
		{F55D6288-EF4E-4300-B1FF-6103F68AD7C6}.Debug|x64.ActiveCfg = Debug|Any CPU
		{F55D6288-EF4E-4300-B1FF-6103F68AD7C6}.Debug|x64.Build.0 = Debug|Any CPU
		{F55D6288-EF4E-4300-B1FF-6103F68AD7C6}.Debug|x86.ActiveCfg = Debug|Any CPU
		{F55D6288-EF4E-4300-B1FF-6103F68AD7C6}.Debug|x86.Build.0 = Debug|Any CPU
		{F55D6288-EF4E-4300-B1FF-6103F68AD7C6}.Release|Any CPU.ActiveCfg = Release|Any CPU
		{F55D6288-EF4E-4300-B1FF-6103F68AD7C6}.Release|Any CPU.Build.0 = Release|Any CPU
		{F55D6288-EF4E-4300-B1FF-6103F68AD7C6}.Release|x64.ActiveCfg = Release|Any CPU
		{F55D6288-EF4E-4300-B1FF-6103F68AD7C6}.Release|x64.Build.0 = Release|Any CPU
		{F55D6288-EF4E-4300-B1FF-6103F68AD7C6}.Release|x86.ActiveCfg = Release|Any CPU
		{F55D6288-EF4E-4300-B1FF-6103F68AD7C6}.Release|x86.Build.0 = Release|Any CPU
		{D8D2FD00-12E3-4030-B28B-9B26C4CF6DCE}.Debug|Any CPU.ActiveCfg = Debug|Any CPU
		{D8D2FD00-12E3-4030-B28B-9B26C4CF6DCE}.Debug|Any CPU.Build.0 = Debug|Any CPU
		{D8D2FD00-12E3-4030-B28B-9B26C4CF6DCE}.Debug|x64.ActiveCfg = Debug|Any CPU
		{D8D2FD00-12E3-4030-B28B-9B26C4CF6DCE}.Debug|x64.Build.0 = Debug|Any CPU
		{D8D2FD00-12E3-4030-B28B-9B26C4CF6DCE}.Debug|x86.ActiveCfg = Debug|Any CPU
		{D8D2FD00-12E3-4030-B28B-9B26C4CF6DCE}.Debug|x86.Build.0 = Debug|Any CPU
		{D8D2FD00-12E3-4030-B28B-9B26C4CF6DCE}.Release|Any CPU.ActiveCfg = Release|Any CPU
		{D8D2FD00-12E3-4030-B28B-9B26C4CF6DCE}.Release|Any CPU.Build.0 = Release|Any CPU
		{D8D2FD00-12E3-4030-B28B-9B26C4CF6DCE}.Release|x64.ActiveCfg = Release|Any CPU
		{D8D2FD00-12E3-4030-B28B-9B26C4CF6DCE}.Release|x64.Build.0 = Release|Any CPU
		{D8D2FD00-12E3-4030-B28B-9B26C4CF6DCE}.Release|x86.ActiveCfg = Release|Any CPU
		{D8D2FD00-12E3-4030-B28B-9B26C4CF6DCE}.Release|x86.Build.0 = Release|Any CPU
		{BF7AA21C-2566-443E-9822-6416D24263A1}.Debug|Any CPU.ActiveCfg = Debug|Any CPU
		{BF7AA21C-2566-443E-9822-6416D24263A1}.Debug|Any CPU.Build.0 = Debug|Any CPU
		{BF7AA21C-2566-443E-9822-6416D24263A1}.Debug|x64.ActiveCfg = Debug|Any CPU
		{BF7AA21C-2566-443E-9822-6416D24263A1}.Debug|x64.Build.0 = Debug|Any CPU
		{BF7AA21C-2566-443E-9822-6416D24263A1}.Debug|x86.ActiveCfg = Debug|Any CPU
		{BF7AA21C-2566-443E-9822-6416D24263A1}.Debug|x86.Build.0 = Debug|Any CPU
		{BF7AA21C-2566-443E-9822-6416D24263A1}.Release|Any CPU.ActiveCfg = Release|Any CPU
		{BF7AA21C-2566-443E-9822-6416D24263A1}.Release|Any CPU.Build.0 = Release|Any CPU
		{BF7AA21C-2566-443E-9822-6416D24263A1}.Release|x64.ActiveCfg = Release|Any CPU
		{BF7AA21C-2566-443E-9822-6416D24263A1}.Release|x64.Build.0 = Release|Any CPU
		{BF7AA21C-2566-443E-9822-6416D24263A1}.Release|x86.ActiveCfg = Release|Any CPU
		{BF7AA21C-2566-443E-9822-6416D24263A1}.Release|x86.Build.0 = Release|Any CPU
	EndGlobalSection
	GlobalSection(SolutionProperties) = preSolution
		HideSolutionNode = FALSE
	EndGlobalSection
	GlobalSection(NestedProjects) = preSolution
		{E37D1437-88E6-43E5-BE75-994F295D0E55} = {827E0CD3-B72D-47B6-A68D-7590B98EB39B}
		{F55D6288-EF4E-4300-B1FF-6103F68AD7C6} = {827E0CD3-B72D-47B6-A68D-7590B98EB39B}
		{D8D2FD00-12E3-4030-B28B-9B26C4CF6DCE} = {827E0CD3-B72D-47B6-A68D-7590B98EB39B}
		{BF7AA21C-2566-443E-9822-6416D24263A1} = {827E0CD3-B72D-47B6-A68D-7590B98EB39B}
	EndGlobalSection
EndGlobal
